
Microsoft Visual Studio Solution File, Format Version 12.00
# Visual Studio Version 17
VisualStudioVersion = 17.4.33103.184
MinimumVisualStudioVersion = 10.0.40219.1
Project("{FAE04EC0-301F-11D3-BF4B-00C04F79EFBC}") = "Exercise1", "Exercise1\Exercise1.csproj", "{AFA6A4F7-38FD-42F1-AF0F-2C44A78CAC7F}"
EndProject
Global
	GlobalSection(SolutionConfigurationPlatforms) = preSolution
		Debug|Any CPU = Debug|Any CPU
		Release|Any CPU = Release|Any CPU
	EndGlobalSection
	GlobalSection(ProjectConfigurationPlatforms) = postSolution
		{AFA6A4F7-38FD-42F1-AF0F-2C44A78CAC7F}.Debug|Any CPU.ActiveCfg = Debug|Any CPU
		{AFA6A4F7-38FD-42F1-AF0F-2C44A78CAC7F}.Debug|Any CPU.Build.0 = Debug|Any CPU
		{AFA6A4F7-38FD-42F1-AF0F-2C44A78CAC7F}.Release|Any CPU.ActiveCfg = Release|Any CPU
		{AFA6A4F7-38FD-42F1-AF0F-2C44A78CAC7F}.Release|Any CPU.Build.0 = Release|Any CPU
	EndGlobalSection
	GlobalSection(SolutionProperties) = preSolution
		HideSolutionNode = FALSE
	EndGlobalSection
	GlobalSection(ExtensibilityGlobals) = postSolution
		SolutionGuid = {D77D02A6-F98B-4EAC-855E-51931EE37B9A}
	EndGlobalSection
EndGlobal
